// !$*UTF8*$!
{
	archiveVersion = 1;
	classes = {
	};
	objectVersion = 46;
	objects = {

/* Begin PBXBuildFile section */
		3CFA90A71A5BAAB5004EE70E /* main.m in Sources */ = {isa = PBXBuildFile; fileRef = 3CFA90A61A5BAAB5004EE70E /* main.m */; };
		3CFA90AF1A5BAADF004EE70E /* ZKZSperson.m in Sources */ = {isa = PBXBuildFile; fileRef = 3CFA90AE1A5BAADF004EE70E /* ZKZSperson.m */; };
		3CFA90B21A5BBCE4004EE70E /* ZKZStudent.m in Sources */ = {isa = PBXBuildFile; fileRef = 3CFA90B11A5BBCE4004EE70E /* ZKZStudent.m */; };
/* End PBXBuildFile section */

/* Begin PBXCopyFilesBuildPhase section */
		3CFA90A11A5BAAB5004EE70E /* CopyFiles */ = {
			isa = PBXCopyFilesBuildPhase;
			buildActionMask = 2147483647;
			dstPath = /usr/share/man/man1/;
			dstSubfolderSpec = 0;
			files = (
			);
			runOnlyForDeploymentPostprocessing = 1;
		};
/* End PBXCopyFilesBuildPhase section */

/* Begin PBXFileReference section */
		3CFA90A31A5BAAB5004EE70E /* 继承 1.6 */ = {isa = PBXFileReference; explicitFileType = "compiled.mach-o.executable"; includeInIndex = 0; path = "继承 1.6"; sourceTree = BUILT_PRODUCTS_DIR; };
		3CFA90A61A5BAAB5004EE70E /* main.m */ = {isa = PBXFileReference; lastKnownFileType = sourcecode.c.objc; path = main.m; sourceTree = "<group>"; };
		3CFA90AD1A5BAADF004EE70E /* ZKZSperson.h */ = {isa = PBXFileReference; fileEncoding = 4; lastKnownFileType = sourcecode.c.h; path = ZKZSperson.h; sourceTree = "<group>"; };
		3CFA90AE1A5BAADF004EE70E /* ZKZSperson.m */ = {isa = PBXFileReference; fileEncoding = 4; lastKnownFileType = sourcecode.c.objc; path = ZKZSperson.m; sourceTree = "<group>"; };
		3CFA90B01A5BBCE4004EE70E /* ZKZStudent.h */ = {isa = PBXFileReference; fileEncoding = 4; lastKnownFileType = sourcecode.c.h; path = ZKZStudent.h; sourceTree = "<group>"; };
		3CFA90B11A5BBCE4004EE70E /* ZKZStudent.m */ = {isa = PBXFileReference; fileEncoding = 4; lastKnownFileType = sourcecode.c.objc; path = ZKZStudent.m; sourceTree = "<group>"; };
/* End PBXFileReference section */

/* Begin PBXFrameworksBuildPhase section */
		3CFA90A01A5BAAB5004EE70E /* Frameworks */ = {
			isa = PBXFrameworksBuildPhase;
			buildActionMask = 2147483647;
			files = (
			);
			runOnlyForDeploymentPostprocessing = 0;
		};
/* End PBXFrameworksBuildPhase section */

/* Begin PBXGroup section */
		3CFA909A1A5BAAB5004EE70E = {
			isa = PBXGroup;
			children = (
				3CFA90A51A5BAAB5004EE70E /* 继承 1.6 */,
				3CFA90A41A5BAAB5004EE70E /* Products */,
			);
			sourceTree = "<group>";
		};
		3CFA90A41A5BAAB5004EE70E /* Products */ = {
			isa = PBXGroup;
			children = (
				3CFA90A31A5BAAB5004EE70E /* 继承 1.6 */,
			);
			name = Products;
			sourceTree = "<group>";
		};
		3CFA90A51A5BAAB5004EE70E /* 继承 1.6 */ = {
			isa = PBXGroup;
			children = (
				3CFA90A61A5BAAB5004EE70E /* main.m */,
				3CFA90AD1A5BAADF004EE70E /* ZKZSperson.h */,
				3CFA90AE1A5BAADF004EE70E /* ZKZSperson.m */,
				3CFA90B01A5BBCE4004EE70E /* ZKZStudent.h */,
				3CFA90B11A5BBCE4004EE70E /* ZKZStudent.m */,
			);
			path = "继承 1.6";
			sourceTree = "<group>";
		};
/* End PBXGroup section */

/* Begin PBXNativeTarget section */
		3CFA90A21A5BAAB5004EE70E /* 继承 1.6 */ = {
			isa = PBXNativeTarget;
			buildConfigurationList = 3CFA90AA1A5BAAB5004EE70E /* Build configuration list for PBXNativeTarget "继承 1.6" */;
			buildPhases = (
				3CFA909F1A5BAAB5004EE70E /* Sources */,
				3CFA90A01A5BAAB5004EE70E /* Frameworks */,
				3CFA90A11A5BAAB5004EE70E /* CopyFiles */,
			);
			buildRules = (
			);
			dependencies = (
			);
			name = "继承 1.6";
			productName = "继承 1.6";
			productReference = 3CFA90A31A5BAAB5004EE70E /* 继承 1.6 */;
			productType = "com.apple.product-type.tool";
		};
/* End PBXNativeTarget section */

/* Begin PBXProject section */
		3CFA909B1A5BAAB5004EE70E /* Project object */ = {
			isa = PBXProject;
			attributes = {
				LastUpgradeCheck = 0610;
				ORGANIZATIONNAME = wyzc;
				TargetAttributes = {
					3CFA90A21A5BAAB5004EE70E = {
						CreatedOnToolsVersion = 6.1;
					};
				};
			};
			buildConfigurationList = 3CFA909E1A5BAAB5004EE70E /* Build configuration list for PBXProject "继承 1.6" */;
			compatibilityVersion = "Xcode 3.2";
			developmentRegion = English;
			hasScannedForEncodings = 0;
			knownRegions = (
				en,
			);
			mainGroup = 3CFA909A1A5BAAB5004EE70E;
			productRefGroup = 3CFA90A41A5BAAB5004EE70E /* Products */;
			projectDirPath = "";
			projectRoot = "";
			targets = (
				3CFA90A21A5BAAB5004EE70E /* 继承 1.6 */,
			);
		};
/* End PBXProject section */

/* Begin PBXSourcesBuildPhase section */
		3CFA909F1A5BAAB5004EE70E /* Sources */ = {
			isa = PBXSourcesBuildPhase;
			buildActionMask = 2147483647;
			files = (
				3CFA90B21A5BBCE4004EE70E /* ZKZStudent.m in Sources */,
				3CFA90AF1A5BAADF004EE70E /* ZKZSperson.m in Sources */,
				3CFA90A71A5BAAB5004EE70E /* main.m in Sources */,
			);
			runOnlyForDeploymentPostprocessing = 0;
		};
/* End PBXSourcesBuildPhase section */

/* Begin XCBuildConfiguration section */
		3CFA90A81A5BAAB5004EE70E /* Debug */ = {
			isa = XCBuildConfiguration;
			buildSettings = {
				ALWAYS_SEARCH_USER_PATHS = NO;
				CLANG_CXX_LANGUAGE_STANDARD = "gnu++0x";
				CLANG_CXX_LIBRARY = "libc++";
				CLANG_ENABLE_MODULES = YES;
				CLANG_ENABLE_OBJC_ARC = YES;
				CLANG_WARN_BOOL_CONVERSION = YES;
				CLANG_WARN_CONSTANT_CONVERSION = YES;
				CLANG_WARN_DIRECT_OBJC_ISA_USAGE = YES_ERROR;
				CLANG_WARN_EMPTY_BODY = YES;
				CLANG_WARN_ENUM_CONVERSION = YES;
				CLANG_WARN_INT_CONVERSION = YES;
				CLANG_WARN_OBJC_ROOT_CLASS = YES_ERROR;
				CLANG_WARN_UNREACHABLE_CODE = YES;
				CLANG_WARN__DUPLICATE_METHOD_MATCH = YES;
				COPY_PHASE_STRIP = NO;
				ENABLE_STRICT_OBJC_MSGSEND = YES;
				GCC_C_LANGUAGE_STANDARD = gnu99;
				GCC_DYNAMIC_NO_PIC = NO;
				GCC_OPTIMIZATION_LEVEL = 0;
				GCC_PREPROCESSOR_DEFINITIONS = (
					"DEBUG=1",
					"$(inherited)",
				);
				GCC_SYMBOLS_PRIVATE_EXTERN = NO;
				GCC_WARN_64_TO_32_BIT_CONVERSION = YES;
				GCC_WARN_ABOUT_RETURN_TYPE = YES_ERROR;
				GCC_WARN_UNDECLARED_SELECTOR = YES;
				GCC_WARN_UNINITIALIZED_AUTOS = YES_AGGRESSIVE;
				GCC_WARN_UNUSED_FUNCTION = YES;
				GCC_WARN_UNUSED_VARIABLE = YES;
				MACOSX_DEPLOYMENT_TARGET = 10.9;
				MTL_ENABLE_DEBUG_INFO = YES;
				ONLY_ACTIVE_ARCH = YES;
				SDKROOT = macosx;
			};
			name = Debug;
		};
		3CFA90A91A5BAAB5004EE70E /* Release */ = {
			isa = XCBuildConfiguration;
			buildSettings = {
				ALWAYS_SEARCH_USER_PATHS = NO;
				CLANG_CXX_LANGUAGE_STANDARD = "gnu++0x";
				CLANG_CXX_LIBRARY = "libc++";
				CLANG_ENABLE_MODULES = YES;
				CLANG_ENABLE_OBJC_ARC = YES;
				CLANG_WARN_BOOL_CONVERSION = YES;
				CLANG_WARN_CONSTANT_CONVERSION = YES;
				CLANG_WARN_DIRECT_OBJC_ISA_USAGE = YES_ERROR;
				CLANG_WARN_EMPTY_BODY = YES;
				CLANG_WARN_ENUM_CONVERSION = YES;
				CLANG_WARN_INT_CONVERSION = YES;
				CLANG_WARN_OBJC_ROOT_CLASS = YES_ERROR;
				CLANG_WARN_UNREACHABLE_CODE = YES;
				CLANG_WARN__DUPLICATE_METHOD_MATCH = YES;
				COPY_PHASE_STRIP = YES;
				DEBUG_INFORMATION_FORMAT = "dwarf-with-dsym";
				ENABLE_NS_ASSERTIONS = NO;
				ENABLE_STRICT_OBJC_MSGSEND = YES;
				GCC_C_LANGUAGE_STANDARD = gnu99;
				GCC_WARN_64_TO_32_BIT_CONVERSION = YES;
				GCC_WARN_ABOUT_RETURN_TYPE = YES_ERROR;
				GCC_WARN_UNDECLARED_SELECTOR = YES;
				GCC_WARN_UNINITIALIZED_AUTOS = YES_AGGRESSIVE;
				GCC_WARN_UNUSED_FUNCTION = YES;
				GCC_WARN_UNUSED_VARIABLE = YES;
				MACOSX_DEPLOYMENT_TARGET = 10.9;
				MTL_ENABLE_DEBUG_INFO = NO;
				SDKROOT = macosx;
			};
			name = Release;
		};
		3CFA90AB1A5BAAB5004EE70E /* Debug */ = {
			isa = XCBuildConfiguration;
			buildSettings = {
				CLANG_ENABLE_OBJC_ARC = YES;
				PRODUCT_NAME = "$(TARGET_NAME)";
			};
			name = Debug;
		};
		3CFA90AC1A5BAAB5004EE70E /* Release */ = {
			isa = XCBuildConfiguration;
			buildSettings = {
				CLANG_ENABLE_OBJC_ARC = YES;
				PRODUCT_NAME = "$(TARGET_NAME)";
			};
			name = Release;
		};
/* End XCBuildConfiguration section */

/* Begin XCConfigurationList section */
		3CFA909E1A5BAAB5004EE70E /* Build configuration list for PBXProject "继承 1.6" */ = {
			isa = XCConfigurationList;
			buildConfigurations = (
				3CFA90A81A5BAAB5004EE70E /* Debug */,
				3CFA90A91A5BAAB5004EE70E /* Release */,
			);
			defaultConfigurationIsVisible = 0;
			defaultConfigurationName = Release;
		};
		3CFA90AA1A5BAAB5004EE70E /* Build configuration list for PBXNativeTarget "继承 1.6" */ = {
			isa = XCConfigurationList;
			buildConfigurations = (
				3CFA90AB1A5BAAB5004EE70E /* Debug */,
				3CFA90AC1A5BAAB5004EE70E /* Release */,
			);
			defaultConfigurationIsVisible = 0;
		};
/* End XCConfigurationList section */
	};
	rootObject = 3CFA909B1A5BAAB5004EE70E /* Project object */;
}
