// !$*UTF8*$!
{
	archiveVersion = 1;
	classes = {
	};
	objectVersion = 46;
	objects = {

/* Begin PBXBuildFile section */
		70CD5D481A68D913008A1100 /* main.m in Sources */ = {isa = PBXBuildFile; fileRef = 70CD5D471A68D913008A1100 /* main.m */; };
		70CD5D501A68D9C7008A1100 /* ZHQPerson.m in Sources */ = {isa = PBXBuildFile; fileRef = 70CD5D4F1A68D9C7008A1100 /* ZHQPerson.m */; };
		70CD5D531A68DBD5008A1100 /* ZHQAddressBook.m in Sources */ = {isa = PBXBuildFile; fileRef = 70CD5D521A68DBD5008A1100 /* ZHQAddressBook.m */; };
		70CD5D561A68DD3F008A1100 /* ZHQMenu.m in Sources */ = {isa = PBXBuildFile; fileRef = 70CD5D551A68DD3F008A1100 /* ZHQMenu.m */; };
/* End PBXBuildFile section */

/* Begin PBXCopyFilesBuildPhase section */
		70CD5D421A68D913008A1100 /* CopyFiles */ = {
			isa = PBXCopyFilesBuildPhase;
			buildActionMask = 2147483647;
			dstPath = /usr/share/man/man1/;
			dstSubfolderSpec = 0;
			files = (
			);
			runOnlyForDeploymentPostprocessing = 1;
		};
/* End PBXCopyFilesBuildPhase section */

/* Begin PBXFileReference section */
		70CD5D441A68D913008A1100 /* 通讯录 */ = {isa = PBXFileReference; explicitFileType = "compiled.mach-o.executable"; includeInIndex = 0; path = "通讯录"; sourceTree = BUILT_PRODUCTS_DIR; };
		70CD5D471A68D913008A1100 /* main.m */ = {isa = PBXFileReference; lastKnownFileType = sourcecode.c.objc; path = main.m; sourceTree = "<group>"; };
		70CD5D4E1A68D9C7008A1100 /* ZHQPerson.h */ = {isa = PBXFileReference; fileEncoding = 4; lastKnownFileType = sourcecode.c.h; path = ZHQPerson.h; sourceTree = "<group>"; };
		70CD5D4F1A68D9C7008A1100 /* ZHQPerson.m */ = {isa = PBXFileReference; fileEncoding = 4; lastKnownFileType = sourcecode.c.objc; path = ZHQPerson.m; sourceTree = "<group>"; };
		70CD5D511A68DBD5008A1100 /* ZHQAddressBook.h */ = {isa = PBXFileReference; fileEncoding = 4; lastKnownFileType = sourcecode.c.h; path = ZHQAddressBook.h; sourceTree = "<group>"; };
		70CD5D521A68DBD5008A1100 /* ZHQAddressBook.m */ = {isa = PBXFileReference; fileEncoding = 4; lastKnownFileType = sourcecode.c.objc; path = ZHQAddressBook.m; sourceTree = "<group>"; };
		70CD5D541A68DD3F008A1100 /* ZHQMenu.h */ = {isa = PBXFileReference; fileEncoding = 4; lastKnownFileType = sourcecode.c.h; path = ZHQMenu.h; sourceTree = "<group>"; };
		70CD5D551A68DD3F008A1100 /* ZHQMenu.m */ = {isa = PBXFileReference; fileEncoding = 4; lastKnownFileType = sourcecode.c.objc; path = ZHQMenu.m; sourceTree = "<group>"; };
/* End PBXFileReference section */

/* Begin PBXFrameworksBuildPhase section */
		70CD5D411A68D913008A1100 /* Frameworks */ = {
			isa = PBXFrameworksBuildPhase;
			buildActionMask = 2147483647;
			files = (
			);
			runOnlyForDeploymentPostprocessing = 0;
		};
/* End PBXFrameworksBuildPhase section */

/* Begin PBXGroup section */
		70CD5D3B1A68D913008A1100 = {
			isa = PBXGroup;
			children = (
				70CD5D461A68D913008A1100 /* 通讯录 */,
				70CD5D451A68D913008A1100 /* Products */,
			);
			sourceTree = "<group>";
		};
		70CD5D451A68D913008A1100 /* Products */ = {
			isa = PBXGroup;
			children = (
				70CD5D441A68D913008A1100 /* 通讯录 */,
			);
			name = Products;
			sourceTree = "<group>";
		};
		70CD5D461A68D913008A1100 /* 通讯录 */ = {
			isa = PBXGroup;
			children = (
				70CD5D471A68D913008A1100 /* main.m */,
				70CD5D4E1A68D9C7008A1100 /* ZHQPerson.h */,
				70CD5D4F1A68D9C7008A1100 /* ZHQPerson.m */,
				70CD5D511A68DBD5008A1100 /* ZHQAddressBook.h */,
				70CD5D521A68DBD5008A1100 /* ZHQAddressBook.m */,
				70CD5D541A68DD3F008A1100 /* ZHQMenu.h */,
				70CD5D551A68DD3F008A1100 /* ZHQMenu.m */,
			);
			path = "通讯录";
			sourceTree = "<group>";
		};
/* End PBXGroup section */

/* Begin PBXNativeTarget section */
		70CD5D431A68D913008A1100 /* 通讯录 */ = {
			isa = PBXNativeTarget;
			buildConfigurationList = 70CD5D4B1A68D913008A1100 /* Build configuration list for PBXNativeTarget "通讯录" */;
			buildPhases = (
				70CD5D401A68D913008A1100 /* Sources */,
				70CD5D411A68D913008A1100 /* Frameworks */,
				70CD5D421A68D913008A1100 /* CopyFiles */,
			);
			buildRules = (
			);
			dependencies = (
			);
			name = "通讯录";
			productName = "通讯录";
			productReference = 70CD5D441A68D913008A1100 /* 通讯录 */;
			productType = "com.apple.product-type.tool";
		};
/* End PBXNativeTarget section */

/* Begin PBXProject section */
		70CD5D3C1A68D913008A1100 /* Project object */ = {
			isa = PBXProject;
			attributes = {
				LastUpgradeCheck = 0610;
				ORGANIZATIONNAME = wyzc;
				TargetAttributes = {
					70CD5D431A68D913008A1100 = {
						CreatedOnToolsVersion = 6.1;
					};
				};
			};
			buildConfigurationList = 70CD5D3F1A68D913008A1100 /* Build configuration list for PBXProject "通讯录" */;
			compatibilityVersion = "Xcode 3.2";
			developmentRegion = English;
			hasScannedForEncodings = 0;
			knownRegions = (
				en,
			);
			mainGroup = 70CD5D3B1A68D913008A1100;
			productRefGroup = 70CD5D451A68D913008A1100 /* Products */;
			projectDirPath = "";
			projectRoot = "";
			targets = (
				70CD5D431A68D913008A1100 /* 通讯录 */,
			);
		};
/* End PBXProject section */

/* Begin PBXSourcesBuildPhase section */
		70CD5D401A68D913008A1100 /* Sources */ = {
			isa = PBXSourcesBuildPhase;
			buildActionMask = 2147483647;
			files = (
				70CD5D561A68DD3F008A1100 /* ZHQMenu.m in Sources */,
				70CD5D501A68D9C7008A1100 /* ZHQPerson.m in Sources */,
				70CD5D481A68D913008A1100 /* main.m in Sources */,
				70CD5D531A68DBD5008A1100 /* ZHQAddressBook.m in Sources */,
			);
			runOnlyForDeploymentPostprocessing = 0;
		};
/* End PBXSourcesBuildPhase section */

/* Begin XCBuildConfiguration section */
		70CD5D491A68D913008A1100 /* Debug */ = {
			isa = XCBuildConfiguration;
			buildSettings = {
				ALWAYS_SEARCH_USER_PATHS = NO;
				CLANG_CXX_LANGUAGE_STANDARD = "gnu++0x";
				CLANG_CXX_LIBRARY = "libc++";
				CLANG_ENABLE_MODULES = YES;
				CLANG_ENABLE_OBJC_ARC = YES;
				CLANG_WARN_BOOL_CONVERSION = YES;
				CLANG_WARN_CONSTANT_CONVERSION = YES;
				CLANG_WARN_DIRECT_OBJC_ISA_USAGE = YES_ERROR;
				CLANG_WARN_EMPTY_BODY = YES;
				CLANG_WARN_ENUM_CONVERSION = YES;
				CLANG_WARN_INT_CONVERSION = YES;
				CLANG_WARN_OBJC_ROOT_CLASS = YES_ERROR;
				CLANG_WARN_UNREACHABLE_CODE = YES;
				CLANG_WARN__DUPLICATE_METHOD_MATCH = YES;
				COPY_PHASE_STRIP = NO;
				ENABLE_STRICT_OBJC_MSGSEND = YES;
				GCC_C_LANGUAGE_STANDARD = gnu99;
				GCC_DYNAMIC_NO_PIC = NO;
				GCC_OPTIMIZATION_LEVEL = 0;
				GCC_PREPROCESSOR_DEFINITIONS = (
					"DEBUG=1",
					"$(inherited)",
				);
				GCC_SYMBOLS_PRIVATE_EXTERN = NO;
				GCC_WARN_64_TO_32_BIT_CONVERSION = YES;
				GCC_WARN_ABOUT_RETURN_TYPE = YES_ERROR;
				GCC_WARN_UNDECLARED_SELECTOR = YES;
				GCC_WARN_UNINITIALIZED_AUTOS = YES_AGGRESSIVE;
				GCC_WARN_UNUSED_FUNCTION = YES;
				GCC_WARN_UNUSED_VARIABLE = YES;
				MACOSX_DEPLOYMENT_TARGET = 10.9;
				MTL_ENABLE_DEBUG_INFO = YES;
				ONLY_ACTIVE_ARCH = YES;
				SDKROOT = macosx;
			};
			name = Debug;
		};
		70CD5D4A1A68D913008A1100 /* Release */ = {
			isa = XCBuildConfiguration;
			buildSettings = {
				ALWAYS_SEARCH_USER_PATHS = NO;
				CLANG_CXX_LANGUAGE_STANDARD = "gnu++0x";
				CLANG_CXX_LIBRARY = "libc++";
				CLANG_ENABLE_MODULES = YES;
				CLANG_ENABLE_OBJC_ARC = YES;
				CLANG_WARN_BOOL_CONVERSION = YES;
				CLANG_WARN_CONSTANT_CONVERSION = YES;
				CLANG_WARN_DIRECT_OBJC_ISA_USAGE = YES_ERROR;
				CLANG_WARN_EMPTY_BODY = YES;
				CLANG_WARN_ENUM_CONVERSION = YES;
				CLANG_WARN_INT_CONVERSION = YES;
				CLANG_WARN_OBJC_ROOT_CLASS = YES_ERROR;
				CLANG_WARN_UNREACHABLE_CODE = YES;
				CLANG_WARN__DUPLICATE_METHOD_MATCH = YES;
				COPY_PHASE_STRIP = YES;
				DEBUG_INFORMATION_FORMAT = "dwarf-with-dsym";
				ENABLE_NS_ASSERTIONS = NO;
				ENABLE_STRICT_OBJC_MSGSEND = YES;
				GCC_C_LANGUAGE_STANDARD = gnu99;
				GCC_WARN_64_TO_32_BIT_CONVERSION = YES;
				GCC_WARN_ABOUT_RETURN_TYPE = YES_ERROR;
				GCC_WARN_UNDECLARED_SELECTOR = YES;
				GCC_WARN_UNINITIALIZED_AUTOS = YES_AGGRESSIVE;
				GCC_WARN_UNUSED_FUNCTION = YES;
				GCC_WARN_UNUSED_VARIABLE = YES;
				MACOSX_DEPLOYMENT_TARGET = 10.9;
				MTL_ENABLE_DEBUG_INFO = NO;
				SDKROOT = macosx;
			};
			name = Release;
		};
		70CD5D4C1A68D913008A1100 /* Debug */ = {
			isa = XCBuildConfiguration;
			buildSettings = {
				PRODUCT_NAME = "$(TARGET_NAME)";
			};
			name = Debug;
		};
		70CD5D4D1A68D913008A1100 /* Release */ = {
			isa = XCBuildConfiguration;
			buildSettings = {
				PRODUCT_NAME = "$(TARGET_NAME)";
			};
			name = Release;
		};
/* End XCBuildConfiguration section */

/* Begin XCConfigurationList section */
		70CD5D3F1A68D913008A1100 /* Build configuration list for PBXProject "通讯录" */ = {
			isa = XCConfigurationList;
			buildConfigurations = (
				70CD5D491A68D913008A1100 /* Debug */,
				70CD5D4A1A68D913008A1100 /* Release */,
			);
			defaultConfigurationIsVisible = 0;
			defaultConfigurationName = Release;
		};
		70CD5D4B1A68D913008A1100 /* Build configuration list for PBXNativeTarget "通讯录" */ = {
			isa = XCConfigurationList;
			buildConfigurations = (
				70CD5D4C1A68D913008A1100 /* Debug */,
				70CD5D4D1A68D913008A1100 /* Release */,
			);
			defaultConfigurationIsVisible = 0;
		};
/* End XCConfigurationList section */
	};
	rootObject = 70CD5D3C1A68D913008A1100 /* Project object */;
}
