// !$*UTF8*$!
{
	archiveVersion = 1;
	classes = {
	};
	objectVersion = 46;
	objects = {

/* Begin PBXBuildFile section */
		7026A5651A5CFC0500CD8AF6 /* main.m in Sources */ = {isa = PBXBuildFile; fileRef = 7026A5641A5CFC0500CD8AF6 /* main.m */; };
/* End PBXBuildFile section */

/* Begin PBXCopyFilesBuildPhase section */
		7026A55F1A5CFC0500CD8AF6 /* CopyFiles */ = {
			isa = PBXCopyFilesBuildPhase;
			buildActionMask = 2147483647;
			dstPath = /usr/share/man/man1/;
			dstSubfolderSpec = 0;
			files = (
			);
			runOnlyForDeploymentPostprocessing = 1;
		};
/* End PBXCopyFilesBuildPhase section */

/* Begin PBXFileReference section */
		7026A5611A5CFC0500CD8AF6 /* 类的东西 */ = {isa = PBXFileReference; explicitFileType = "compiled.mach-o.executable"; includeInIndex = 0; path = "类的东西"; sourceTree = BUILT_PRODUCTS_DIR; };
		7026A5641A5CFC0500CD8AF6 /* main.m */ = {isa = PBXFileReference; lastKnownFileType = sourcecode.c.objc; path = main.m; sourceTree = "<group>"; };
/* End PBXFileReference section */

/* Begin PBXFrameworksBuildPhase section */
		7026A55E1A5CFC0500CD8AF6 /* Frameworks */ = {
			isa = PBXFrameworksBuildPhase;
			buildActionMask = 2147483647;
			files = (
			);
			runOnlyForDeploymentPostprocessing = 0;
		};
/* End PBXFrameworksBuildPhase section */

/* Begin PBXGroup section */
		7026A5581A5CFC0500CD8AF6 = {
			isa = PBXGroup;
			children = (
				7026A5631A5CFC0500CD8AF6 /* 类的东西 */,
				7026A5621A5CFC0500CD8AF6 /* Products */,
			);
			sourceTree = "<group>";
		};
		7026A5621A5CFC0500CD8AF6 /* Products */ = {
			isa = PBXGroup;
			children = (
				7026A5611A5CFC0500CD8AF6 /* 类的东西 */,
			);
			name = Products;
			sourceTree = "<group>";
		};
		7026A5631A5CFC0500CD8AF6 /* 类的东西 */ = {
			isa = PBXGroup;
			children = (
				7026A5641A5CFC0500CD8AF6 /* main.m */,
			);
			path = "类的东西";
			sourceTree = "<group>";
		};
/* End PBXGroup section */

/* Begin PBXNativeTarget section */
		7026A5601A5CFC0500CD8AF6 /* 类的东西 */ = {
			isa = PBXNativeTarget;
			buildConfigurationList = 7026A5681A5CFC0500CD8AF6 /* Build configuration list for PBXNativeTarget "类的东西" */;
			buildPhases = (
				7026A55D1A5CFC0500CD8AF6 /* Sources */,
				7026A55E1A5CFC0500CD8AF6 /* Frameworks */,
				7026A55F1A5CFC0500CD8AF6 /* CopyFiles */,
			);
			buildRules = (
			);
			dependencies = (
			);
			name = "类的东西";
			productName = "类的东西";
			productReference = 7026A5611A5CFC0500CD8AF6 /* 类的东西 */;
			productType = "com.apple.product-type.tool";
		};
/* End PBXNativeTarget section */

/* Begin PBXProject section */
		7026A5591A5CFC0500CD8AF6 /* Project object */ = {
			isa = PBXProject;
			attributes = {
				LastUpgradeCheck = 0610;
				ORGANIZATIONNAME = wyzc;
				TargetAttributes = {
					7026A5601A5CFC0500CD8AF6 = {
						CreatedOnToolsVersion = 6.1;
					};
				};
			};
			buildConfigurationList = 7026A55C1A5CFC0500CD8AF6 /* Build configuration list for PBXProject "类的东西" */;
			compatibilityVersion = "Xcode 3.2";
			developmentRegion = English;
			hasScannedForEncodings = 0;
			knownRegions = (
				en,
			);
			mainGroup = 7026A5581A5CFC0500CD8AF6;
			productRefGroup = 7026A5621A5CFC0500CD8AF6 /* Products */;
			projectDirPath = "";
			projectRoot = "";
			targets = (
				7026A5601A5CFC0500CD8AF6 /* 类的东西 */,
			);
		};
/* End PBXProject section */

/* Begin PBXSourcesBuildPhase section */
		7026A55D1A5CFC0500CD8AF6 /* Sources */ = {
			isa = PBXSourcesBuildPhase;
			buildActionMask = 2147483647;
			files = (
				7026A5651A5CFC0500CD8AF6 /* main.m in Sources */,
			);
			runOnlyForDeploymentPostprocessing = 0;
		};
/* End PBXSourcesBuildPhase section */

/* Begin XCBuildConfiguration section */
		7026A5661A5CFC0500CD8AF6 /* Debug */ = {
			isa = XCBuildConfiguration;
			buildSettings = {
				ALWAYS_SEARCH_USER_PATHS = NO;
				CLANG_CXX_LANGUAGE_STANDARD = "gnu++0x";
				CLANG_CXX_LIBRARY = "libc++";
				CLANG_ENABLE_MODULES = YES;
				CLANG_ENABLE_OBJC_ARC = YES;
				CLANG_WARN_BOOL_CONVERSION = YES;
				CLANG_WARN_CONSTANT_CONVERSION = YES;
				CLANG_WARN_DIRECT_OBJC_ISA_USAGE = YES_ERROR;
				CLANG_WARN_EMPTY_BODY = YES;
				CLANG_WARN_ENUM_CONVERSION = YES;
				CLANG_WARN_INT_CONVERSION = YES;
				CLANG_WARN_OBJC_ROOT_CLASS = YES_ERROR;
				CLANG_WARN_UNREACHABLE_CODE = YES;
				CLANG_WARN__DUPLICATE_METHOD_MATCH = YES;
				COPY_PHASE_STRIP = NO;
				ENABLE_STRICT_OBJC_MSGSEND = YES;
				GCC_C_LANGUAGE_STANDARD = gnu99;
				GCC_DYNAMIC_NO_PIC = NO;
				GCC_OPTIMIZATION_LEVEL = 0;
				GCC_PREPROCESSOR_DEFINITIONS = (
					"DEBUG=1",
					"$(inherited)",
				);
				GCC_SYMBOLS_PRIVATE_EXTERN = NO;
				GCC_WARN_64_TO_32_BIT_CONVERSION = YES;
				GCC_WARN_ABOUT_RETURN_TYPE = YES_ERROR;
				GCC_WARN_UNDECLARED_SELECTOR = YES;
				GCC_WARN_UNINITIALIZED_AUTOS = YES_AGGRESSIVE;
				GCC_WARN_UNUSED_FUNCTION = YES;
				GCC_WARN_UNUSED_VARIABLE = YES;
				MACOSX_DEPLOYMENT_TARGET = 10.9;
				MTL_ENABLE_DEBUG_INFO = YES;
				ONLY_ACTIVE_ARCH = YES;
				SDKROOT = macosx;
			};
			name = Debug;
		};
		7026A5671A5CFC0500CD8AF6 /* Release */ = {
			isa = XCBuildConfiguration;
			buildSettings = {
				ALWAYS_SEARCH_USER_PATHS = NO;
				CLANG_CXX_LANGUAGE_STANDARD = "gnu++0x";
				CLANG_CXX_LIBRARY = "libc++";
				CLANG_ENABLE_MODULES = YES;
				CLANG_ENABLE_OBJC_ARC = YES;
				CLANG_WARN_BOOL_CONVERSION = YES;
				CLANG_WARN_CONSTANT_CONVERSION = YES;
				CLANG_WARN_DIRECT_OBJC_ISA_USAGE = YES_ERROR;
				CLANG_WARN_EMPTY_BODY = YES;
				CLANG_WARN_ENUM_CONVERSION = YES;
				CLANG_WARN_INT_CONVERSION = YES;
				CLANG_WARN_OBJC_ROOT_CLASS = YES_ERROR;
				CLANG_WARN_UNREACHABLE_CODE = YES;
				CLANG_WARN__DUPLICATE_METHOD_MATCH = YES;
				COPY_PHASE_STRIP = YES;
				DEBUG_INFORMATION_FORMAT = "dwarf-with-dsym";
				ENABLE_NS_ASSERTIONS = NO;
				ENABLE_STRICT_OBJC_MSGSEND = YES;
				GCC_C_LANGUAGE_STANDARD = gnu99;
				GCC_WARN_64_TO_32_BIT_CONVERSION = YES;
				GCC_WARN_ABOUT_RETURN_TYPE = YES_ERROR;
				GCC_WARN_UNDECLARED_SELECTOR = YES;
				GCC_WARN_UNINITIALIZED_AUTOS = YES_AGGRESSIVE;
				GCC_WARN_UNUSED_FUNCTION = YES;
				GCC_WARN_UNUSED_VARIABLE = YES;
				MACOSX_DEPLOYMENT_TARGET = 10.9;
				MTL_ENABLE_DEBUG_INFO = NO;
				SDKROOT = macosx;
			};
			name = Release;
		};
		7026A5691A5CFC0500CD8AF6 /* Debug */ = {
			isa = XCBuildConfiguration;
			buildSettings = {
				PRODUCT_NAME = "$(TARGET_NAME)";
			};
			name = Debug;
		};
		7026A56A1A5CFC0500CD8AF6 /* Release */ = {
			isa = XCBuildConfiguration;
			buildSettings = {
				PRODUCT_NAME = "$(TARGET_NAME)";
			};
			name = Release;
		};
/* End XCBuildConfiguration section */

/* Begin XCConfigurationList section */
		7026A55C1A5CFC0500CD8AF6 /* Build configuration list for PBXProject "类的东西" */ = {
			isa = XCConfigurationList;
			buildConfigurations = (
				7026A5661A5CFC0500CD8AF6 /* Debug */,
				7026A5671A5CFC0500CD8AF6 /* Release */,
			);
			defaultConfigurationIsVisible = 0;
			defaultConfigurationName = Release;
		};
		7026A5681A5CFC0500CD8AF6 /* Build configuration list for PBXNativeTarget "类的东西" */ = {
			isa = XCConfigurationList;
			buildConfigurations = (
				7026A5691A5CFC0500CD8AF6 /* Debug */,
				7026A56A1A5CFC0500CD8AF6 /* Release */,
			);
			defaultConfigurationIsVisible = 0;
			defaultConfigurationName = Release;
		};
/* End XCConfigurationList section */
	};
	rootObject = 7026A5591A5CFC0500CD8AF6 /* Project object */;
}
