// !$*UTF8*$!
{
	archiveVersion = 1;
	classes = {
	};
	objectVersion = 46;
	objects = {

/* Begin PBXBuildFile section */
		3C398DC31A526FB40084BE54 /* main.c in Sources */ = {isa = PBXBuildFile; fileRef = 3C398DC21A526FB40084BE54 /* main.c */; };
/* End PBXBuildFile section */

/* Begin PBXCopyFilesBuildPhase section */
		3C398DBD1A526FB40084BE54 /* CopyFiles */ = {
			isa = PBXCopyFilesBuildPhase;
			buildActionMask = 2147483647;
			dstPath = /usr/share/man/man1/;
			dstSubfolderSpec = 0;
			files = (
			);
			runOnlyForDeploymentPostprocessing = 1;
		};
/* End PBXCopyFilesBuildPhase section */

/* Begin PBXFileReference section */
		3C398DBF1A526FB40084BE54 /* 写结构到文件 */ = {isa = PBXFileReference; explicitFileType = "compiled.mach-o.executable"; includeInIndex = 0; path = "写结构到文件"; sourceTree = BUILT_PRODUCTS_DIR; };
		3C398DC21A526FB40084BE54 /* main.c */ = {isa = PBXFileReference; lastKnownFileType = sourcecode.c.c; path = main.c; sourceTree = "<group>"; };
		3C398DC91A52730F0084BE54 /* zkz.data */ = {isa = PBXFileReference; lastKnownFileType = file; name = zkz.data; path = ../../../../zkz.data; sourceTree = "<group>"; };
/* End PBXFileReference section */

/* Begin PBXFrameworksBuildPhase section */
		3C398DBC1A526FB40084BE54 /* Frameworks */ = {
			isa = PBXFrameworksBuildPhase;
			buildActionMask = 2147483647;
			files = (
			);
			runOnlyForDeploymentPostprocessing = 0;
		};
/* End PBXFrameworksBuildPhase section */

/* Begin PBXGroup section */
		3C398DB61A526FB30084BE54 = {
			isa = PBXGroup;
			children = (
				3C398DC11A526FB40084BE54 /* 写结构到文件 */,
				3C398DC01A526FB40084BE54 /* Products */,
			);
			sourceTree = "<group>";
		};
		3C398DC01A526FB40084BE54 /* Products */ = {
			isa = PBXGroup;
			children = (
				3C398DBF1A526FB40084BE54 /* 写结构到文件 */,
			);
			name = Products;
			sourceTree = "<group>";
		};
		3C398DC11A526FB40084BE54 /* 写结构到文件 */ = {
			isa = PBXGroup;
			children = (
				3C398DC91A52730F0084BE54 /* zkz.data */,
				3C398DC21A526FB40084BE54 /* main.c */,
			);
			path = "写结构到文件";
			sourceTree = "<group>";
		};
/* End PBXGroup section */

/* Begin PBXNativeTarget section */
		3C398DBE1A526FB40084BE54 /* 写结构到文件 */ = {
			isa = PBXNativeTarget;
			buildConfigurationList = 3C398DC61A526FB40084BE54 /* Build configuration list for PBXNativeTarget "写结构到文件" */;
			buildPhases = (
				3C398DBB1A526FB40084BE54 /* Sources */,
				3C398DBC1A526FB40084BE54 /* Frameworks */,
				3C398DBD1A526FB40084BE54 /* CopyFiles */,
			);
			buildRules = (
			);
			dependencies = (
			);
			name = "写结构到文件";
			productName = "写结构到文件";
			productReference = 3C398DBF1A526FB40084BE54 /* 写结构到文件 */;
			productType = "com.apple.product-type.tool";
		};
/* End PBXNativeTarget section */

/* Begin PBXProject section */
		3C398DB71A526FB30084BE54 /* Project object */ = {
			isa = PBXProject;
			attributes = {
				LastUpgradeCheck = 0610;
				ORGANIZATIONNAME = wyzc;
				TargetAttributes = {
					3C398DBE1A526FB40084BE54 = {
						CreatedOnToolsVersion = 6.1;
					};
				};
			};
			buildConfigurationList = 3C398DBA1A526FB30084BE54 /* Build configuration list for PBXProject "写结构到文件" */;
			compatibilityVersion = "Xcode 3.2";
			developmentRegion = English;
			hasScannedForEncodings = 0;
			knownRegions = (
				en,
			);
			mainGroup = 3C398DB61A526FB30084BE54;
			productRefGroup = 3C398DC01A526FB40084BE54 /* Products */;
			projectDirPath = "";
			projectRoot = "";
			targets = (
				3C398DBE1A526FB40084BE54 /* 写结构到文件 */,
			);
		};
/* End PBXProject section */

/* Begin PBXSourcesBuildPhase section */
		3C398DBB1A526FB40084BE54 /* Sources */ = {
			isa = PBXSourcesBuildPhase;
			buildActionMask = 2147483647;
			files = (
				3C398DC31A526FB40084BE54 /* main.c in Sources */,
			);
			runOnlyForDeploymentPostprocessing = 0;
		};
/* End PBXSourcesBuildPhase section */

/* Begin XCBuildConfiguration section */
		3C398DC41A526FB40084BE54 /* Debug */ = {
			isa = XCBuildConfiguration;
			buildSettings = {
				ALWAYS_SEARCH_USER_PATHS = NO;
				CLANG_CXX_LANGUAGE_STANDARD = "gnu++0x";
				CLANG_CXX_LIBRARY = "libc++";
				CLANG_ENABLE_MODULES = YES;
				CLANG_ENABLE_OBJC_ARC = YES;
				CLANG_WARN_BOOL_CONVERSION = YES;
				CLANG_WARN_CONSTANT_CONVERSION = YES;
				CLANG_WARN_DIRECT_OBJC_ISA_USAGE = YES_ERROR;
				CLANG_WARN_EMPTY_BODY = YES;
				CLANG_WARN_ENUM_CONVERSION = YES;
				CLANG_WARN_INT_CONVERSION = YES;
				CLANG_WARN_OBJC_ROOT_CLASS = YES_ERROR;
				CLANG_WARN_UNREACHABLE_CODE = YES;
				CLANG_WARN__DUPLICATE_METHOD_MATCH = YES;
				COPY_PHASE_STRIP = NO;
				ENABLE_STRICT_OBJC_MSGSEND = YES;
				GCC_C_LANGUAGE_STANDARD = gnu99;
				GCC_DYNAMIC_NO_PIC = NO;
				GCC_OPTIMIZATION_LEVEL = 0;
				GCC_PREPROCESSOR_DEFINITIONS = (
					"DEBUG=1",
					"$(inherited)",
				);
				GCC_SYMBOLS_PRIVATE_EXTERN = NO;
				GCC_WARN_64_TO_32_BIT_CONVERSION = YES;
				GCC_WARN_ABOUT_RETURN_TYPE = YES_ERROR;
				GCC_WARN_UNDECLARED_SELECTOR = YES;
				GCC_WARN_UNINITIALIZED_AUTOS = YES_AGGRESSIVE;
				GCC_WARN_UNUSED_FUNCTION = YES;
				GCC_WARN_UNUSED_VARIABLE = YES;
				MACOSX_DEPLOYMENT_TARGET = 10.9;
				MTL_ENABLE_DEBUG_INFO = YES;
				ONLY_ACTIVE_ARCH = YES;
				SDKROOT = macosx;
			};
			name = Debug;
		};
		3C398DC51A526FB40084BE54 /* Release */ = {
			isa = XCBuildConfiguration;
			buildSettings = {
				ALWAYS_SEARCH_USER_PATHS = NO;
				CLANG_CXX_LANGUAGE_STANDARD = "gnu++0x";
				CLANG_CXX_LIBRARY = "libc++";
				CLANG_ENABLE_MODULES = YES;
				CLANG_ENABLE_OBJC_ARC = YES;
				CLANG_WARN_BOOL_CONVERSION = YES;
				CLANG_WARN_CONSTANT_CONVERSION = YES;
				CLANG_WARN_DIRECT_OBJC_ISA_USAGE = YES_ERROR;
				CLANG_WARN_EMPTY_BODY = YES;
				CLANG_WARN_ENUM_CONVERSION = YES;
				CLANG_WARN_INT_CONVERSION = YES;
				CLANG_WARN_OBJC_ROOT_CLASS = YES_ERROR;
				CLANG_WARN_UNREACHABLE_CODE = YES;
				CLANG_WARN__DUPLICATE_METHOD_MATCH = YES;
				COPY_PHASE_STRIP = YES;
				DEBUG_INFORMATION_FORMAT = "dwarf-with-dsym";
				ENABLE_NS_ASSERTIONS = NO;
				ENABLE_STRICT_OBJC_MSGSEND = YES;
				GCC_C_LANGUAGE_STANDARD = gnu99;
				GCC_WARN_64_TO_32_BIT_CONVERSION = YES;
				GCC_WARN_ABOUT_RETURN_TYPE = YES_ERROR;
				GCC_WARN_UNDECLARED_SELECTOR = YES;
				GCC_WARN_UNINITIALIZED_AUTOS = YES_AGGRESSIVE;
				GCC_WARN_UNUSED_FUNCTION = YES;
				GCC_WARN_UNUSED_VARIABLE = YES;
				MACOSX_DEPLOYMENT_TARGET = 10.9;
				MTL_ENABLE_DEBUG_INFO = NO;
				SDKROOT = macosx;
			};
			name = Release;
		};
		3C398DC71A526FB40084BE54 /* Debug */ = {
			isa = XCBuildConfiguration;
			buildSettings = {
				PRODUCT_NAME = "$(TARGET_NAME)";
			};
			name = Debug;
		};
		3C398DC81A526FB40084BE54 /* Release */ = {
			isa = XCBuildConfiguration;
			buildSettings = {
				PRODUCT_NAME = "$(TARGET_NAME)";
			};
			name = Release;
		};
/* End XCBuildConfiguration section */

/* Begin XCConfigurationList section */
		3C398DBA1A526FB30084BE54 /* Build configuration list for PBXProject "写结构到文件" */ = {
			isa = XCConfigurationList;
			buildConfigurations = (
				3C398DC41A526FB40084BE54 /* Debug */,
				3C398DC51A526FB40084BE54 /* Release */,
			);
			defaultConfigurationIsVisible = 0;
			defaultConfigurationName = Release;
		};
		3C398DC61A526FB40084BE54 /* Build configuration list for PBXNativeTarget "写结构到文件" */ = {
			isa = XCConfigurationList;
			buildConfigurations = (
				3C398DC71A526FB40084BE54 /* Debug */,
				3C398DC81A526FB40084BE54 /* Release */,
			);
			defaultConfigurationIsVisible = 0;
		};
/* End XCConfigurationList section */
	};
	rootObject = 3C398DB71A526FB30084BE54 /* Project object */;
}
